
Microsoft Visual Studio Solution File, Format Version 12.00
# Visual Studio 14
VisualStudioVersion = 14.0.25420.1
MinimumVisualStudioVersion = 10.0.40219.1
Project("{F184B08F-C81C-45F6-A57F-5ABD9991F28F}") = "Software Protector", "Software Protector\Software Protector.vbproj", "{16BA9EE3-2E71-4D43-954B-6DFFE8471F65}"
EndProject
Project("{F184B08F-C81C-45F6-A57F-5ABD9991F28F}") = "SKGL", "SKGL\SKGL.vbproj", "{E660B2E4-EEE3-470C-8B92-B30AD6B547B6}"
EndProject
Project("{FAE04EC0-301F-11D3-BF4B-00C04F79EFBC}") = "GenerateMachineCode", "GenerateMachineCode\GenerateMachineCode.csproj", "{26A21A3A-CE37-4BB5-B501-6D040771C0D1}"
EndProject
Project("{FAE04EC0-301F-11D3-BF4B-00C04F79EFBC}") = "AppLauncher", "AppLauncher\AppLauncher.csproj", "{703BE90F-9897-428D-9A11-8446A8C1B367}"
EndProject
Project("{FAE04EC0-301F-11D3-BF4B-00C04F79EFBC}") = "AppController", "AppController\AppController.csproj", "{C5A4931E-2D73-4574-9640-2930FA030B07}"
EndProject
Project("{FAE04EC0-301F-11D3-BF4B-00C04F79EFBC}") = "AppWcfService", "AppWcfService\AppWcfService.csproj", "{7D4286F7-49CC-446E-90BA-0EB9B9BA16B8}"
EndProject
Global
	GlobalSection(SolutionConfigurationPlatforms) = preSolution
		Debug|Any CPU = Debug|Any CPU
		Debug|x86 = Debug|x86
		Release|Any CPU = Release|Any CPU
		Release|x86 = Release|x86
	EndGlobalSection
	GlobalSection(ProjectConfigurationPlatforms) = postSolution
		{16BA9EE3-2E71-4D43-954B-6DFFE8471F65}.Debug|Any CPU.ActiveCfg = Debug|x86
		{16BA9EE3-2E71-4D43-954B-6DFFE8471F65}.Debug|x86.ActiveCfg = Debug|x86
		{16BA9EE3-2E71-4D43-954B-6DFFE8471F65}.Debug|x86.Build.0 = Debug|x86
		{16BA9EE3-2E71-4D43-954B-6DFFE8471F65}.Release|Any CPU.ActiveCfg = Release|x86
		{16BA9EE3-2E71-4D43-954B-6DFFE8471F65}.Release|x86.ActiveCfg = Release|x86
		{16BA9EE3-2E71-4D43-954B-6DFFE8471F65}.Release|x86.Build.0 = Release|x86
		{E660B2E4-EEE3-470C-8B92-B30AD6B547B6}.Debug|Any CPU.ActiveCfg = Debug|Any CPU
		{E660B2E4-EEE3-470C-8B92-B30AD6B547B6}.Debug|Any CPU.Build.0 = Debug|Any CPU
		{E660B2E4-EEE3-470C-8B92-B30AD6B547B6}.Debug|x86.ActiveCfg = Debug|Any CPU
		{E660B2E4-EEE3-470C-8B92-B30AD6B547B6}.Debug|x86.Build.0 = Debug|Any CPU
		{E660B2E4-EEE3-470C-8B92-B30AD6B547B6}.Release|Any CPU.ActiveCfg = Release|Any CPU
		{E660B2E4-EEE3-470C-8B92-B30AD6B547B6}.Release|Any CPU.Build.0 = Release|Any CPU
		{E660B2E4-EEE3-470C-8B92-B30AD6B547B6}.Release|x86.ActiveCfg = Release|Any CPU
		{E660B2E4-EEE3-470C-8B92-B30AD6B547B6}.Release|x86.Build.0 = Release|Any CPU
		{26A21A3A-CE37-4BB5-B501-6D040771C0D1}.Debug|Any CPU.ActiveCfg = Debug|Any CPU
		{26A21A3A-CE37-4BB5-B501-6D040771C0D1}.Debug|Any CPU.Build.0 = Debug|Any CPU
		{26A21A3A-CE37-4BB5-B501-6D040771C0D1}.Debug|x86.ActiveCfg = Debug|Any CPU
		{26A21A3A-CE37-4BB5-B501-6D040771C0D1}.Debug|x86.Build.0 = Debug|Any CPU
		{26A21A3A-CE37-4BB5-B501-6D040771C0D1}.Release|Any CPU.ActiveCfg = Release|Any CPU
		{26A21A3A-CE37-4BB5-B501-6D040771C0D1}.Release|Any CPU.Build.0 = Release|Any CPU
		{26A21A3A-CE37-4BB5-B501-6D040771C0D1}.Release|x86.ActiveCfg = Release|Any CPU
		{26A21A3A-CE37-4BB5-B501-6D040771C0D1}.Release|x86.Build.0 = Release|Any CPU
		{703BE90F-9897-428D-9A11-8446A8C1B367}.Debug|Any CPU.ActiveCfg = Debug|Any CPU
		{703BE90F-9897-428D-9A11-8446A8C1B367}.Debug|Any CPU.Build.0 = Debug|Any CPU
		{703BE90F-9897-428D-9A11-8446A8C1B367}.Debug|x86.ActiveCfg = Debug|Any CPU
		{703BE90F-9897-428D-9A11-8446A8C1B367}.Debug|x86.Build.0 = Debug|Any CPU
		{703BE90F-9897-428D-9A11-8446A8C1B367}.Release|Any CPU.ActiveCfg = Release|Any CPU
		{703BE90F-9897-428D-9A11-8446A8C1B367}.Release|Any CPU.Build.0 = Release|Any CPU
		{703BE90F-9897-428D-9A11-8446A8C1B367}.Release|x86.ActiveCfg = Release|Any CPU
		{703BE90F-9897-428D-9A11-8446A8C1B367}.Release|x86.Build.0 = Release|Any CPU
		{C5A4931E-2D73-4574-9640-2930FA030B07}.Debug|Any CPU.ActiveCfg = Debug|Any CPU
		{C5A4931E-2D73-4574-9640-2930FA030B07}.Debug|Any CPU.Build.0 = Debug|Any CPU
		{C5A4931E-2D73-4574-9640-2930FA030B07}.Debug|x86.ActiveCfg = Debug|Any CPU
		{C5A4931E-2D73-4574-9640-2930FA030B07}.Debug|x86.Build.0 = Debug|Any CPU
		{C5A4931E-2D73-4574-9640-2930FA030B07}.Release|Any CPU.ActiveCfg = Release|Any CPU
		{C5A4931E-2D73-4574-9640-2930FA030B07}.Release|Any CPU.Build.0 = Release|Any CPU
		{C5A4931E-2D73-4574-9640-2930FA030B07}.Release|x86.ActiveCfg = Release|Any CPU
		{C5A4931E-2D73-4574-9640-2930FA030B07}.Release|x86.Build.0 = Release|Any CPU
		{7D4286F7-49CC-446E-90BA-0EB9B9BA16B8}.Debug|Any CPU.ActiveCfg = Debug|Any CPU
		{7D4286F7-49CC-446E-90BA-0EB9B9BA16B8}.Debug|Any CPU.Build.0 = Debug|Any CPU
		{7D4286F7-49CC-446E-90BA-0EB9B9BA16B8}.Debug|x86.ActiveCfg = Debug|Any CPU
		{7D4286F7-49CC-446E-90BA-0EB9B9BA16B8}.Debug|x86.Build.0 = Debug|Any CPU
		{7D4286F7-49CC-446E-90BA-0EB9B9BA16B8}.Release|Any CPU.ActiveCfg = Release|Any CPU
		{7D4286F7-49CC-446E-90BA-0EB9B9BA16B8}.Release|Any CPU.Build.0 = Release|Any CPU
		{7D4286F7-49CC-446E-90BA-0EB9B9BA16B8}.Release|x86.ActiveCfg = Release|Any CPU
		{7D4286F7-49CC-446E-90BA-0EB9B9BA16B8}.Release|x86.Build.0 = Release|Any CPU
	EndGlobalSection
	GlobalSection(SolutionProperties) = preSolution
		HideSolutionNode = FALSE
	EndGlobalSection
EndGlobal
